
Microsoft Visual Studio Solution File, Format Version 12.00
# Visual Studio Version 17
VisualStudioVersion = 17.5.002.0
MinimumVisualStudioVersion = 10.0.40219.1
Project("{9A19103F-16F7-4668-BE54-9A1E7A4F7556}") = "HelloWorld", "hello-world\HelloWorld.csproj", "{CA655CC4-EADC-4302-8D90-F054B960A965}"
EndProject
Project("{FAE04EC0-301F-11D3-BF4B-00C04F79EFBC}") = "LuciansLusciousLasagna", "lucians-luscious-lasagna\LuciansLusciousLasagna.csproj", "{99C5620D-776B-483D-9352-2DB80D67CDDB}"
EndProject
Project("{FAE04EC0-301F-11D3-BF4B-00C04F79EFBC}") = "AnnalynsInfiltration", "annalyns-infiltration\AnnalynsInfiltration.csproj", "{8B190196-28C4-468B-BBB8-860BE503FE2C}"
EndProject
Project("{FAE04EC0-301F-11D3-BF4B-00C04F79EFBC}") = "CarsAssemble", "cars-assemble\CarsAssemble.csproj", "{D5CF23F3-CF0A-430B-A5B7-31339E202CC8}"
EndProject
Project("{FAE04EC0-301F-11D3-BF4B-00C04F79EFBC}") = "Leap", "leap\Leap.csproj", "{61DF36A3-DDF7-4E37-926C-B544E7645EFE}"
EndProject
Project("{FAE04EC0-301F-11D3-BF4B-00C04F79EFBC}") = "EliudsEggs", "eliuds-eggs\EliudsEggs.csproj", "{AA58464D-6320-43DF-8CA5-5543E8451A1E}"
EndProject
Project("{FAE04EC0-301F-11D3-BF4B-00C04F79EFBC}") = "DifferenceOfSquares", "difference-of-squares\DifferenceOfSquares.csproj", "{D35CBE47-71EC-4E17-8F2F-626191A01ACE}"
EndProject
Project("{FAE04EC0-301F-11D3-BF4B-00C04F79EFBC}") = "InterestIsInteresting", "interest-is-interesting\InterestIsInteresting.csproj", "{85D2DFCC-EBE3-41B3-BCF9-3DB5FE579F84}"
EndProject
Project("{FAE04EC0-301F-11D3-BF4B-00C04F79EFBC}") = "RollTheDie", "roll-the-die\RollTheDie.csproj", "{740CFBC8-E3AD-446D-ABAF-4804E199703E}"
EndProject
Project("{FAE04EC0-301F-11D3-BF4B-00C04F79EFBC}") = "LogLevels", "log-levels\LogLevels.csproj", "{7DEB4B57-545D-4D78-BCA5-E1426CFE1DE0}"
EndProject
Project("{FAE04EC0-301F-11D3-BF4B-00C04F79EFBC}") = "ElonsToys", "elons-toys\ElonsToys.csproj", "{B00F0AE4-4776-45AA-9C8F-AC0D06F1EEDA}"
EndProject
Project("{FAE04EC0-301F-11D3-BF4B-00C04F79EFBC}") = "BirdWatcher", "bird-watcher\BirdWatcher.csproj", "{855A5434-1C39-49FF-88ED-2F84AE401621}"
EndProject
Project("{FAE04EC0-301F-11D3-BF4B-00C04F79EFBC}") = "SqueakyClean", "squeaky-clean\SqueakyClean.csproj", "{425AAF4E-8D7F-432D-82B1-8E0EC96EBB74}"
EndProject
Project("{FAE04EC0-301F-11D3-BF4B-00C04F79EFBC}") = "NeedForSpeed", "need-for-speed\NeedForSpeed.csproj", "{08777FB6-729C-44E7-B5A2-068282DB3637}"
EndProject
Global
	GlobalSection(SolutionConfigurationPlatforms) = preSolution
		Debug|Any CPU = Debug|Any CPU
		Release|Any CPU = Release|Any CPU
	EndGlobalSection
	GlobalSection(ProjectConfigurationPlatforms) = postSolution
		{CA655CC4-EADC-4302-8D90-F054B960A965}.Debug|Any CPU.ActiveCfg = Debug|Any CPU
		{CA655CC4-EADC-4302-8D90-F054B960A965}.Debug|Any CPU.Build.0 = Debug|Any CPU
		{CA655CC4-EADC-4302-8D90-F054B960A965}.Release|Any CPU.ActiveCfg = Release|Any CPU
		{CA655CC4-EADC-4302-8D90-F054B960A965}.Release|Any CPU.Build.0 = Release|Any CPU
		{99C5620D-776B-483D-9352-2DB80D67CDDB}.Debug|Any CPU.ActiveCfg = Debug|Any CPU
		{99C5620D-776B-483D-9352-2DB80D67CDDB}.Debug|Any CPU.Build.0 = Debug|Any CPU
		{99C5620D-776B-483D-9352-2DB80D67CDDB}.Release|Any CPU.ActiveCfg = Release|Any CPU
		{99C5620D-776B-483D-9352-2DB80D67CDDB}.Release|Any CPU.Build.0 = Release|Any CPU
		{8B190196-28C4-468B-BBB8-860BE503FE2C}.Debug|Any CPU.ActiveCfg = Debug|Any CPU
		{8B190196-28C4-468B-BBB8-860BE503FE2C}.Debug|Any CPU.Build.0 = Debug|Any CPU
		{8B190196-28C4-468B-BBB8-860BE503FE2C}.Release|Any CPU.ActiveCfg = Release|Any CPU
		{8B190196-28C4-468B-BBB8-860BE503FE2C}.Release|Any CPU.Build.0 = Release|Any CPU
		{D5CF23F3-CF0A-430B-A5B7-31339E202CC8}.Debug|Any CPU.ActiveCfg = Debug|Any CPU
		{D5CF23F3-CF0A-430B-A5B7-31339E202CC8}.Debug|Any CPU.Build.0 = Debug|Any CPU
		{D5CF23F3-CF0A-430B-A5B7-31339E202CC8}.Release|Any CPU.ActiveCfg = Release|Any CPU
		{D5CF23F3-CF0A-430B-A5B7-31339E202CC8}.Release|Any CPU.Build.0 = Release|Any CPU
		{61DF36A3-DDF7-4E37-926C-B544E7645EFE}.Debug|Any CPU.ActiveCfg = Debug|Any CPU
		{61DF36A3-DDF7-4E37-926C-B544E7645EFE}.Debug|Any CPU.Build.0 = Debug|Any CPU
		{61DF36A3-DDF7-4E37-926C-B544E7645EFE}.Release|Any CPU.ActiveCfg = Release|Any CPU
		{61DF36A3-DDF7-4E37-926C-B544E7645EFE}.Release|Any CPU.Build.0 = Release|Any CPU
		{AA58464D-6320-43DF-8CA5-5543E8451A1E}.Debug|Any CPU.ActiveCfg = Debug|Any CPU
		{AA58464D-6320-43DF-8CA5-5543E8451A1E}.Debug|Any CPU.Build.0 = Debug|Any CPU
		{AA58464D-6320-43DF-8CA5-5543E8451A1E}.Release|Any CPU.ActiveCfg = Release|Any CPU
		{AA58464D-6320-43DF-8CA5-5543E8451A1E}.Release|Any CPU.Build.0 = Release|Any CPU
		{D35CBE47-71EC-4E17-8F2F-626191A01ACE}.Debug|Any CPU.ActiveCfg = Debug|Any CPU
		{D35CBE47-71EC-4E17-8F2F-626191A01ACE}.Debug|Any CPU.Build.0 = Debug|Any CPU
		{D35CBE47-71EC-4E17-8F2F-626191A01ACE}.Release|Any CPU.ActiveCfg = Release|Any CPU
		{D35CBE47-71EC-4E17-8F2F-626191A01ACE}.Release|Any CPU.Build.0 = Release|Any CPU
		{85D2DFCC-EBE3-41B3-BCF9-3DB5FE579F84}.Debug|Any CPU.ActiveCfg = Debug|Any CPU
		{85D2DFCC-EBE3-41B3-BCF9-3DB5FE579F84}.Debug|Any CPU.Build.0 = Debug|Any CPU
		{85D2DFCC-EBE3-41B3-BCF9-3DB5FE579F84}.Release|Any CPU.ActiveCfg = Release|Any CPU
		{85D2DFCC-EBE3-41B3-BCF9-3DB5FE579F84}.Release|Any CPU.Build.0 = Release|Any CPU
		{740CFBC8-E3AD-446D-ABAF-4804E199703E}.Debug|Any CPU.ActiveCfg = Debug|Any CPU
		{740CFBC8-E3AD-446D-ABAF-4804E199703E}.Debug|Any CPU.Build.0 = Debug|Any CPU
		{740CFBC8-E3AD-446D-ABAF-4804E199703E}.Release|Any CPU.ActiveCfg = Release|Any CPU
		{740CFBC8-E3AD-446D-ABAF-4804E199703E}.Release|Any CPU.Build.0 = Release|Any CPU
		{7DEB4B57-545D-4D78-BCA5-E1426CFE1DE0}.Debug|Any CPU.ActiveCfg = Debug|Any CPU
		{7DEB4B57-545D-4D78-BCA5-E1426CFE1DE0}.Debug|Any CPU.Build.0 = Debug|Any CPU
		{7DEB4B57-545D-4D78-BCA5-E1426CFE1DE0}.Release|Any CPU.ActiveCfg = Release|Any CPU
		{7DEB4B57-545D-4D78-BCA5-E1426CFE1DE0}.Release|Any CPU.Build.0 = Release|Any CPU
		{B00F0AE4-4776-45AA-9C8F-AC0D06F1EEDA}.Debug|Any CPU.ActiveCfg = Debug|Any CPU
		{B00F0AE4-4776-45AA-9C8F-AC0D06F1EEDA}.Debug|Any CPU.Build.0 = Debug|Any CPU
		{B00F0AE4-4776-45AA-9C8F-AC0D06F1EEDA}.Release|Any CPU.ActiveCfg = Release|Any CPU
		{B00F0AE4-4776-45AA-9C8F-AC0D06F1EEDA}.Release|Any CPU.Build.0 = Release|Any CPU
		{855A5434-1C39-49FF-88ED-2F84AE401621}.Debug|Any CPU.ActiveCfg = Debug|Any CPU
		{855A5434-1C39-49FF-88ED-2F84AE401621}.Debug|Any CPU.Build.0 = Debug|Any CPU
		{855A5434-1C39-49FF-88ED-2F84AE401621}.Release|Any CPU.ActiveCfg = Release|Any CPU
		{855A5434-1C39-49FF-88ED-2F84AE401621}.Release|Any CPU.Build.0 = Release|Any CPU
		{425AAF4E-8D7F-432D-82B1-8E0EC96EBB74}.Debug|Any CPU.ActiveCfg = Debug|Any CPU
		{425AAF4E-8D7F-432D-82B1-8E0EC96EBB74}.Debug|Any CPU.Build.0 = Debug|Any CPU
		{425AAF4E-8D7F-432D-82B1-8E0EC96EBB74}.Release|Any CPU.ActiveCfg = Release|Any CPU
		{425AAF4E-8D7F-432D-82B1-8E0EC96EBB74}.Release|Any CPU.Build.0 = Release|Any CPU
		{08777FB6-729C-44E7-B5A2-068282DB3637}.Debug|Any CPU.ActiveCfg = Debug|Any CPU
		{08777FB6-729C-44E7-B5A2-068282DB3637}.Debug|Any CPU.Build.0 = Debug|Any CPU
		{08777FB6-729C-44E7-B5A2-068282DB3637}.Release|Any CPU.ActiveCfg = Release|Any CPU
		{08777FB6-729C-44E7-B5A2-068282DB3637}.Release|Any CPU.Build.0 = Release|Any CPU
	EndGlobalSection
	GlobalSection(SolutionProperties) = preSolution
		HideSolutionNode = FALSE
	EndGlobalSection
	GlobalSection(ExtensibilityGlobals) = postSolution
		SolutionGuid = {6BEC9856-FA51-4B45-ABC9-BBC756F48CA3}
	EndGlobalSection
EndGlobal
